
Microsoft Visual Studio Solution File, Format Version 11.00
# Visual Studio 2010
Project("{FAE04EC0-301F-11D3-BF4B-00C04F79EFBC}") = "naveed bhai assign", "naveed bhai assign\naveed bhai assign.csproj", "{36B287FE-A775-4548-86F7-CC85D9371DD9}"
EndProject
Global
	GlobalSection(SolutionConfigurationPlatforms) = preSolution
		Debug|x86 = Debug|x86
		Release|x86 = Release|x86
	EndGlobalSection
	GlobalSection(ProjectConfigurationPlatforms) = postSolution
		{36B287FE-A775-4548-86F7-CC85D9371DD9}.Debug|x86.ActiveCfg = Debug|x86
		{36B287FE-A775-4548-86F7-CC85D9371DD9}.Debug|x86.Build.0 = Debug|x86
		{36B287FE-A775-4548-86F7-CC85D9371DD9}.Release|x86.ActiveCfg = Release|x86
		{36B287FE-A775-4548-86F7-CC85D9371DD9}.Release|x86.Build.0 = Release|x86
	EndGlobalSection
	GlobalSection(SolutionProperties) = preSolution
		HideSolutionNode = FALSE
	EndGlobalSection
EndGlobal
